
Microsoft Visual Studio Solution File, Format Version 12.00
# Visual Studio 15
VisualStudioVersion = 15.0.26124.0
MinimumVisualStudioVersion = 15.0.26124.0
Project("{FAE04EC0-301F-11D3-BF4B-00C04F79EFBC}") = "ItemInsertor.Core.Tests", "ItemInsertor.Core.Tests\ItemInsertor.Core.Tests.csproj", "{F0578A87-0467-4927-AF04-DB3E559EE158}"
EndProject
Project("{FAE04EC0-301F-11D3-BF4B-00C04F79EFBC}") = "ItemInsertor.Core", "ItemInsertor.Core\ItemInsertor.Core.csproj", "{FF9DEB26-3A96-4F70-BF24-318CEA4A964D}"
EndProject
Global
	GlobalSection(SolutionConfigurationPlatforms) = preSolution
		Debug|Any CPU = Debug|Any CPU
		Debug|x64 = Debug|x64
		Debug|x86 = Debug|x86
		Release|Any CPU = Release|Any CPU
		Release|x64 = Release|x64
		Release|x86 = Release|x86
	EndGlobalSection
	GlobalSection(SolutionProperties) = preSolution
		HideSolutionNode = FALSE
	EndGlobalSection
	GlobalSection(ProjectConfigurationPlatforms) = postSolution
		{F0578A87-0467-4927-AF04-DB3E559EE158}.Debug|Any CPU.ActiveCfg = Debug|Any CPU
		{F0578A87-0467-4927-AF04-DB3E559EE158}.Debug|Any CPU.Build.0 = Debug|Any CPU
		{F0578A87-0467-4927-AF04-DB3E559EE158}.Debug|x64.ActiveCfg = Debug|Any CPU
		{F0578A87-0467-4927-AF04-DB3E559EE158}.Debug|x64.Build.0 = Debug|Any CPU
		{F0578A87-0467-4927-AF04-DB3E559EE158}.Debug|x86.ActiveCfg = Debug|Any CPU
		{F0578A87-0467-4927-AF04-DB3E559EE158}.Debug|x86.Build.0 = Debug|Any CPU
		{F0578A87-0467-4927-AF04-DB3E559EE158}.Release|Any CPU.ActiveCfg = Release|Any CPU
		{F0578A87-0467-4927-AF04-DB3E559EE158}.Release|Any CPU.Build.0 = Release|Any CPU
		{F0578A87-0467-4927-AF04-DB3E559EE158}.Release|x64.ActiveCfg = Release|Any CPU
		{F0578A87-0467-4927-AF04-DB3E559EE158}.Release|x64.Build.0 = Release|Any CPU
		{F0578A87-0467-4927-AF04-DB3E559EE158}.Release|x86.ActiveCfg = Release|Any CPU
		{F0578A87-0467-4927-AF04-DB3E559EE158}.Release|x86.Build.0 = Release|Any CPU
		{FF9DEB26-3A96-4F70-BF24-318CEA4A964D}.Debug|Any CPU.ActiveCfg = Debug|Any CPU
		{FF9DEB26-3A96-4F70-BF24-318CEA4A964D}.Debug|Any CPU.Build.0 = Debug|Any CPU
		{FF9DEB26-3A96-4F70-BF24-318CEA4A964D}.Debug|x64.ActiveCfg = Debug|Any CPU
		{FF9DEB26-3A96-4F70-BF24-318CEA4A964D}.Debug|x64.Build.0 = Debug|Any CPU
		{FF9DEB26-3A96-4F70-BF24-318CEA4A964D}.Debug|x86.ActiveCfg = Debug|Any CPU
		{FF9DEB26-3A96-4F70-BF24-318CEA4A964D}.Debug|x86.Build.0 = Debug|Any CPU
		{FF9DEB26-3A96-4F70-BF24-318CEA4A964D}.Release|Any CPU.ActiveCfg = Release|Any CPU
		{FF9DEB26-3A96-4F70-BF24-318CEA4A964D}.Release|Any CPU.Build.0 = Release|Any CPU
		{FF9DEB26-3A96-4F70-BF24-318CEA4A964D}.Release|x64.ActiveCfg = Release|Any CPU
		{FF9DEB26-3A96-4F70-BF24-318CEA4A964D}.Release|x64.Build.0 = Release|Any CPU
		{FF9DEB26-3A96-4F70-BF24-318CEA4A964D}.Release|x86.ActiveCfg = Release|Any CPU
		{FF9DEB26-3A96-4F70-BF24-318CEA4A964D}.Release|x86.Build.0 = Release|Any CPU
	EndGlobalSection
EndGlobal
